
Microsoft Visual Studio Solution File, Format Version 12.00
# Visual Studio Version 16
VisualStudioVersion = 16.0.30503.244
MinimumVisualStudioVersion = 10.0.40219.1
Project("{FAE04EC0-301F-11D3-BF4B-00C04F79EFBC}") = "NavigationUWP", "NavigationUWP\NavigationUWP.csproj", "{67801E04-FDC0-486B-97EC-7E37117F599E}"
EndProject
Project("{2150E333-8FDC-42A3-9474-1A3956D46DE8}") = "Solution Items", "Solution Items", "{72D35967-94E4-480D-B668-20F571E6FAFC}"
EndProject
Global
	GlobalSection(SolutionConfigurationPlatforms) = preSolution
		Debug|ARM = Debug|ARM
		Debug|ARM64 = Debug|ARM64
		Debug|x64 = Debug|x64
		Debug|x86 = Debug|x86
		Release|ARM = Release|ARM
		Release|ARM64 = Release|ARM64
		Release|x64 = Release|x64
		Release|x86 = Release|x86
	EndGlobalSection
	GlobalSection(ProjectConfigurationPlatforms) = postSolution
		{67801E04-FDC0-486B-97EC-7E37117F599E}.Debug|ARM.ActiveCfg = Debug|ARM
		{67801E04-FDC0-486B-97EC-7E37117F599E}.Debug|ARM.Build.0 = Debug|ARM
		{67801E04-FDC0-486B-97EC-7E37117F599E}.Debug|ARM.Deploy.0 = Debug|ARM
		{67801E04-FDC0-486B-97EC-7E37117F599E}.Debug|ARM64.ActiveCfg = Debug|ARM64
		{67801E04-FDC0-486B-97EC-7E37117F599E}.Debug|ARM64.Build.0 = Debug|ARM64
		{67801E04-FDC0-486B-97EC-7E37117F599E}.Debug|ARM64.Deploy.0 = Debug|ARM64
		{67801E04-FDC0-486B-97EC-7E37117F599E}.Debug|x64.ActiveCfg = Debug|x64
		{67801E04-FDC0-486B-97EC-7E37117F599E}.Debug|x64.Build.0 = Debug|x64
		{67801E04-FDC0-486B-97EC-7E37117F599E}.Debug|x64.Deploy.0 = Debug|x64
		{67801E04-FDC0-486B-97EC-7E37117F599E}.Debug|x86.ActiveCfg = Debug|x86
		{67801E04-FDC0-486B-97EC-7E37117F599E}.Debug|x86.Build.0 = Debug|x86
		{67801E04-FDC0-486B-97EC-7E37117F599E}.Debug|x86.Deploy.0 = Debug|x86
		{67801E04-FDC0-486B-97EC-7E37117F599E}.Release|ARM.ActiveCfg = Release|ARM
		{67801E04-FDC0-486B-97EC-7E37117F599E}.Release|ARM.Build.0 = Release|ARM
		{67801E04-FDC0-486B-97EC-7E37117F599E}.Release|ARM.Deploy.0 = Release|ARM
		{67801E04-FDC0-486B-97EC-7E37117F599E}.Release|ARM64.ActiveCfg = Release|ARM64
		{67801E04-FDC0-486B-97EC-7E37117F599E}.Release|ARM64.Build.0 = Release|ARM64
		{67801E04-FDC0-486B-97EC-7E37117F599E}.Release|ARM64.Deploy.0 = Release|ARM64
		{67801E04-FDC0-486B-97EC-7E37117F599E}.Release|x64.ActiveCfg = Release|x64
		{67801E04-FDC0-486B-97EC-7E37117F599E}.Release|x64.Build.0 = Release|x64
		{67801E04-FDC0-486B-97EC-7E37117F599E}.Release|x64.Deploy.0 = Release|x64
		{67801E04-FDC0-486B-97EC-7E37117F599E}.Release|x86.ActiveCfg = Release|x86
		{67801E04-FDC0-486B-97EC-7E37117F599E}.Release|x86.Build.0 = Release|x86
		{67801E04-FDC0-486B-97EC-7E37117F599E}.Release|x86.Deploy.0 = Release|x86
	EndGlobalSection
	GlobalSection(SolutionProperties) = preSolution
		HideSolutionNode = FALSE
	EndGlobalSection
	GlobalSection(ExtensibilityGlobals) = postSolution
		SolutionGuid = {1BC2600F-59F3-45CE-BCC2-EEB2D37BDC3C}
	EndGlobalSection
EndGlobal
